
Microsoft Visual Studio Solution File, Format Version 10.00
# Visual Studio 2008
Project("{8BC9CEB8-8B4A-11D0-8D11-00A0C91BC942}") = "ProtoColor", "ProtoColor.vcproj", "{EEABDA9C-0D76-4ECE-AD67-2B36EE7BC21E}"
EndProject
Global
	GlobalSection(SolutionConfigurationPlatforms) = preSolution
		Debug|Win32 = Debug|Win32
		Release|Win32 = Release|Win32
	EndGlobalSection
	GlobalSection(ProjectConfigurationPlatforms) = postSolution
		{EEABDA9C-0D76-4ECE-AD67-2B36EE7BC21E}.Debug|Win32.ActiveCfg = Release|Win32
		{EEABDA9C-0D76-4ECE-AD67-2B36EE7BC21E}.Debug|Win32.Build.0 = Release|Win32
		{EEABDA9C-0D76-4ECE-AD67-2B36EE7BC21E}.Release|Win32.ActiveCfg = Release|Win32
		{EEABDA9C-0D76-4ECE-AD67-2B36EE7BC21E}.Release|Win32.Build.0 = Release|Win32
	EndGlobalSection
	GlobalSection(SolutionProperties) = preSolution
		HideSolutionNode = FALSE
	EndGlobalSection
EndGlobal
